
Microsoft Visual Studio Solution File, Format Version 12.00
# Visual Studio 15
VisualStudioVersion = 15.0.27703.2026
MinimumVisualStudioVersion = 10.0.40219.1
Project("{FAE04EC0-301F-11D3-BF4B-00C04F79EFBC}") = "BubbleSort", "BubbleSort\BubbleSort.csproj", "{B8A8DB70-464F-451E-8BE6-23985BD88155}"
EndProject
Global
	GlobalSection(SolutionConfigurationPlatforms) = preSolution
		Debug|Any CPU = Debug|Any CPU
		Release|Any CPU = Release|Any CPU
	EndGlobalSection
	GlobalSection(ProjectConfigurationPlatforms) = postSolution
		{B8A8DB70-464F-451E-8BE6-23985BD88155}.Debug|Any CPU.ActiveCfg = Debug|Any CPU
		{B8A8DB70-464F-451E-8BE6-23985BD88155}.Debug|Any CPU.Build.0 = Debug|Any CPU
		{B8A8DB70-464F-451E-8BE6-23985BD88155}.Release|Any CPU.ActiveCfg = Release|Any CPU
		{B8A8DB70-464F-451E-8BE6-23985BD88155}.Release|Any CPU.Build.0 = Release|Any CPU
	EndGlobalSection
	GlobalSection(SolutionProperties) = preSolution
		HideSolutionNode = FALSE
	EndGlobalSection
	GlobalSection(ExtensibilityGlobals) = postSolution
		SolutionGuid = {59848384-5130-43C6-88A3-38945AD5E489}
	EndGlobalSection
EndGlobal
