
Microsoft Visual Studio Solution File, Format Version 12.00
# Visual Studio 15
VisualStudioVersion = 15.0.27703.2026
MinimumVisualStudioVersion = 10.0.40219.1
Project("{FAE04EC0-301F-11D3-BF4B-00C04F79EFBC}") = "BusTimetable", "BusTimetable\BusTimetable.csproj", "{755873CB-E68C-49F0-8C47-1C811F1D6A3B}"
EndProject
Global
	GlobalSection(SolutionConfigurationPlatforms) = preSolution
		Debug|Any CPU = Debug|Any CPU
		Release|Any CPU = Release|Any CPU
	EndGlobalSection
	GlobalSection(ProjectConfigurationPlatforms) = postSolution
		{755873CB-E68C-49F0-8C47-1C811F1D6A3B}.Debug|Any CPU.ActiveCfg = Debug|Any CPU
		{755873CB-E68C-49F0-8C47-1C811F1D6A3B}.Debug|Any CPU.Build.0 = Debug|Any CPU
		{755873CB-E68C-49F0-8C47-1C811F1D6A3B}.Release|Any CPU.ActiveCfg = Release|Any CPU
		{755873CB-E68C-49F0-8C47-1C811F1D6A3B}.Release|Any CPU.Build.0 = Release|Any CPU
	EndGlobalSection
	GlobalSection(SolutionProperties) = preSolution
		HideSolutionNode = FALSE
	EndGlobalSection
	GlobalSection(ExtensibilityGlobals) = postSolution
		SolutionGuid = {FB706A4D-A206-47B6-BA1B-E06E194913C0}
	EndGlobalSection
EndGlobal
