
Microsoft Visual Studio Solution File, Format Version 12.00
# Visual Studio 15
VisualStudioVersion = 15.0.27703.2026
MinimumVisualStudioVersion = 10.0.40219.1
Project("{FAE04EC0-301F-11D3-BF4B-00C04F79EFBC}") = "6Dice", "6Dice\6Dice.csproj", "{F344B027-C1EA-462E-B6B1-2F69CBE62EA5}"
EndProject
Global
	GlobalSection(SolutionConfigurationPlatforms) = preSolution
		Debug|Any CPU = Debug|Any CPU
		Release|Any CPU = Release|Any CPU
	EndGlobalSection
	GlobalSection(ProjectConfigurationPlatforms) = postSolution
		{F344B027-C1EA-462E-B6B1-2F69CBE62EA5}.Debug|Any CPU.ActiveCfg = Debug|Any CPU
		{F344B027-C1EA-462E-B6B1-2F69CBE62EA5}.Debug|Any CPU.Build.0 = Debug|Any CPU
		{F344B027-C1EA-462E-B6B1-2F69CBE62EA5}.Release|Any CPU.ActiveCfg = Release|Any CPU
		{F344B027-C1EA-462E-B6B1-2F69CBE62EA5}.Release|Any CPU.Build.0 = Release|Any CPU
	EndGlobalSection
	GlobalSection(SolutionProperties) = preSolution
		HideSolutionNode = FALSE
	EndGlobalSection
	GlobalSection(ExtensibilityGlobals) = postSolution
		SolutionGuid = {0E8473FF-3D0E-4E59-9E61-9B7F61A2D636}
	EndGlobalSection
EndGlobal
