
Microsoft Visual Studio Solution File, Format Version 12.00
# Visual Studio 15
VisualStudioVersion = 15.0.27703.2026
MinimumVisualStudioVersion = 10.0.40219.1
Project("{FAE04EC0-301F-11D3-BF4B-00C04F79EFBC}") = "CoachUI", "CoachUI\CoachUI.csproj", "{E8EBAF7C-1193-46CD-A2F0-38D1D4DD13B1}"
EndProject
Global
	GlobalSection(SolutionConfigurationPlatforms) = preSolution
		Debug|Any CPU = Debug|Any CPU
		Release|Any CPU = Release|Any CPU
	EndGlobalSection
	GlobalSection(ProjectConfigurationPlatforms) = postSolution
		{E8EBAF7C-1193-46CD-A2F0-38D1D4DD13B1}.Debug|Any CPU.ActiveCfg = Debug|Any CPU
		{E8EBAF7C-1193-46CD-A2F0-38D1D4DD13B1}.Debug|Any CPU.Build.0 = Debug|Any CPU
		{E8EBAF7C-1193-46CD-A2F0-38D1D4DD13B1}.Release|Any CPU.ActiveCfg = Release|Any CPU
		{E8EBAF7C-1193-46CD-A2F0-38D1D4DD13B1}.Release|Any CPU.Build.0 = Release|Any CPU
	EndGlobalSection
	GlobalSection(SolutionProperties) = preSolution
		HideSolutionNode = FALSE
	EndGlobalSection
	GlobalSection(ExtensibilityGlobals) = postSolution
		SolutionGuid = {7C0DBD98-3EEA-4BEA-924F-8FAF2C79E4DB}
	EndGlobalSection
EndGlobal
